
Microsoft Visual Studio Solution File, Format Version 12.00
# Visual Studio 15
VisualStudioVersion = 15.0.28307.136
MinimumVisualStudioVersion = 10.0.40219.1
Project("{FAE04EC0-301F-11D3-BF4B-00C04F79EFBC}") = "Exercicios", "Exercicios\Exercicios.csproj", "{6DB4B77C-82CE-4CE7-9802-6582750B37AD}"
EndProject
Project("{FAE04EC0-301F-11D3-BF4B-00C04F79EFBC}") = "Ex03", "Ex03\Ex03.csproj", "{4927A891-0BAE-4E38-BF6A-B123379C0665}"
EndProject
Project("{FAE04EC0-301F-11D3-BF4B-00C04F79EFBC}") = "Ex04", "Ex04\Ex04.csproj", "{2CA4FF46-2B76-488B-B155-78218D8E547E}"
EndProject
Project("{FAE04EC0-301F-11D3-BF4B-00C04F79EFBC}") = "Ex05", "Ex05\Ex05.csproj", "{A5051509-E158-40AA-91A9-2C43167182FB}"
EndProject
Project("{FAE04EC0-301F-11D3-BF4B-00C04F79EFBC}") = "Ex6", "Ex6\Ex6.csproj", "{1B392243-2BB7-4108-BCC7-49D3C3B6B2D4}"
EndProject
Project("{FAE04EC0-301F-11D3-BF4B-00C04F79EFBC}") = "Ex07", "Ex07\Ex07.csproj", "{DB56E30E-FB9E-43FA-8DF3-9B91AE10019C}"
EndProject
Project("{FAE04EC0-301F-11D3-BF4B-00C04F79EFBC}") = "Ex08", "Ex08\Ex08.csproj", "{BD8CDFE3-8724-4E96-A6D9-AA02B7C184AA}"
EndProject
Project("{FAE04EC0-301F-11D3-BF4B-00C04F79EFBC}") = "Ex09", "Ex09\Ex09.csproj", "{B86DC60C-1930-47FA-85CC-0688CDA036DB}"
EndProject
Project("{FAE04EC0-301F-11D3-BF4B-00C04F79EFBC}") = "Ex10", "Ex10\Ex10.csproj", "{A5FA18B8-31B6-4177-AF16-195475686604}"
EndProject
Project("{FAE04EC0-301F-11D3-BF4B-00C04F79EFBC}") = "Ex11", "Ex11\Ex11.csproj", "{B0C821F9-FD4F-4C65-BE83-48FECC1EA0E3}"
EndProject
Project("{FAE04EC0-301F-11D3-BF4B-00C04F79EFBC}") = "Ex12", "Ex12\Ex12.csproj", "{BF2BAFBD-2811-4B7F-AACB-F49379E0F03A}"
EndProject
Project("{FAE04EC0-301F-11D3-BF4B-00C04F79EFBC}") = "Ex13", "Ex13\Ex13.csproj", "{F7925010-90AB-43A1-8393-BE5B8EA8B065}"
EndProject
Project("{FAE04EC0-301F-11D3-BF4B-00C04F79EFBC}") = "Ex06", "Ex06\Ex06.csproj", "{7A9D0C08-E416-4F4D-A178-ADD507C15CD5}"
EndProject
Project("{FAE04EC0-301F-11D3-BF4B-00C04F79EFBC}") = "Ex010", "Ex010\Ex010.csproj", "{78CE62A2-1518-4B7F-B62E-19D855DD1EDC}"
EndProject
Project("{FAE04EC0-301F-11D3-BF4B-00C04F79EFBC}") = "Ex011", "Ex011\Ex011.csproj", "{5B5EAB55-CCC9-4591-8145-9F503B3107C2}"
EndProject
Project("{FAE04EC0-301F-11D3-BF4B-00C04F79EFBC}") = "Ex012", "Ex012\Ex012.csproj", "{6111B635-2531-40CB-BAC3-58AB7761E434}"
EndProject
Project("{FAE04EC0-301F-11D3-BF4B-00C04F79EFBC}") = "Vetor1", "Vetor1\Vetor1.csproj", "{57DCA0EB-1CB8-45F5-91F3-ACE3C485F057}"
EndProject
Project("{FAE04EC0-301F-11D3-BF4B-00C04F79EFBC}") = "Vetor2", "Vetor2\Vetor2.csproj", "{30363A01-C3E6-4CAA-A3F4-1DCA418F5176}"
EndProject
Project("{FAE04EC0-301F-11D3-BF4B-00C04F79EFBC}") = "Vetor3", "Vetor3\Vetor3.csproj", "{ADD4D3AA-3F30-476F-AE40-92890BEE8091}"
EndProject
Project("{FAE04EC0-301F-11D3-BF4B-00C04F79EFBC}") = "Vetor4", "Vetor4\Vetor4.csproj", "{9B164E2B-96B7-4E6B-B87F-10A9C6D55D48}"
EndProject
Project("{FAE04EC0-301F-11D3-BF4B-00C04F79EFBC}") = "Vetor5", "Vetor5\Vetor5.csproj", "{33C3BC6E-2CD9-42DC-9C48-BB8AF64DB8BC}"
EndProject
Project("{FAE04EC0-301F-11D3-BF4B-00C04F79EFBC}") = "Vetor6", "Vetor6\Vetor6.csproj", "{526AE1C2-4A8A-42E0-AFF6-DE2803BD04E0}"
EndProject
Project("{FAE04EC0-301F-11D3-BF4B-00C04F79EFBC}") = "Vetor7", "Vetor7\Vetor7.csproj", "{A315C3FE-A1B7-48D3-AC05-01F819797E6E}"
EndProject
Project("{FAE04EC0-301F-11D3-BF4B-00C04F79EFBC}") = "Vetor8", "Vetor8\Vetor8.csproj", "{A1E639C3-23EE-4555-8E4E-C08C55D980A9}"
EndProject
Project("{FAE04EC0-301F-11D3-BF4B-00C04F79EFBC}") = "Vetor9", "Vetor9\Vetor9.csproj", "{0D5ACC6E-0FBE-4FE9-A45E-05C69657EB67}"
EndProject
Project("{FAE04EC0-301F-11D3-BF4B-00C04F79EFBC}") = "Vetor10", "Vetor10\Vetor10.csproj", "{073D23CD-F92A-49AD-AD90-8ABDDCD65742}"
EndProject
Project("{FAE04EC0-301F-11D3-BF4B-00C04F79EFBC}") = "ListTraining", "ListTraining\ListTraining.csproj", "{1E93663E-BFA6-4193-A043-77661AFF0314}"
EndProject
Project("{FAE04EC0-301F-11D3-BF4B-00C04F79EFBC}") = "DictionaryTraining", "DictionaryTraining\DictionaryTraining.csproj", "{0D71C1EC-45F6-417B-8A34-2BA7B6ED9F4E}"
EndProject
Project("{FAE04EC0-301F-11D3-BF4B-00C04F79EFBC}") = "HasgSetTraining", "HasgSetTraining\HasgSetTraining.csproj", "{5CDE1CA5-CC6E-4548-827E-015322609887}"
EndProject
Project("{FAE04EC0-301F-11D3-BF4B-00C04F79EFBC}") = "Strings", "Strings\Strings.csproj", "{4384F119-03BD-4E70-94ED-D1AC61AC2E85}"
EndProject
Project("{FAE04EC0-301F-11D3-BF4B-00C04F79EFBC}") = "Metodos", "Metodos\Metodos.csproj", "{7E318DDE-CE10-49B8-BC62-A38438A8C335}"
EndProject
Project("{FAE04EC0-301F-11D3-BF4B-00C04F79EFBC}") = "TrabalhoAmigo", "TrabalhoAmigo\TrabalhoAmigo.csproj", "{E13A16D2-E4C8-4BC4-91FD-3A1F4FB9B380}"
EndProject
Project("{FAE04EC0-301F-11D3-BF4B-00C04F79EFBC}") = "ProjetoCsharp", "ProjetoCsharp\ProjetoCsharp.csproj", "{39906C17-4154-4277-90A0-406002A2A359}"
EndProject
Project("{FAE04EC0-301F-11D3-BF4B-00C04F79EFBC}") = "Menu", "Menu\Menu.csproj", "{9DDBFADD-C792-4DAA-B808-9157A5EE74BD}"
EndProject
Project("{FAE04EC0-301F-11D3-BF4B-00C04F79EFBC}") = "LerArquivo", "LerArquivo\LerArquivo.csproj", "{EF315292-3CB4-47FD-9079-72A2327F776A}"
EndProject
Project("{FAE04EC0-301F-11D3-BF4B-00C04F79EFBC}") = "Quiz", "Quiz\Quiz.csproj", "{49A8400F-90F9-4CB6-9757-6D5681234616}"
EndProject
Global
	GlobalSection(SolutionConfigurationPlatforms) = preSolution
		Debug|Any CPU = Debug|Any CPU
		Release|Any CPU = Release|Any CPU
	EndGlobalSection
	GlobalSection(ProjectConfigurationPlatforms) = postSolution
		{6DB4B77C-82CE-4CE7-9802-6582750B37AD}.Debug|Any CPU.ActiveCfg = Debug|Any CPU
		{6DB4B77C-82CE-4CE7-9802-6582750B37AD}.Debug|Any CPU.Build.0 = Debug|Any CPU
		{6DB4B77C-82CE-4CE7-9802-6582750B37AD}.Release|Any CPU.ActiveCfg = Release|Any CPU
		{6DB4B77C-82CE-4CE7-9802-6582750B37AD}.Release|Any CPU.Build.0 = Release|Any CPU
		{4927A891-0BAE-4E38-BF6A-B123379C0665}.Debug|Any CPU.ActiveCfg = Debug|Any CPU
		{4927A891-0BAE-4E38-BF6A-B123379C0665}.Debug|Any CPU.Build.0 = Debug|Any CPU
		{4927A891-0BAE-4E38-BF6A-B123379C0665}.Release|Any CPU.ActiveCfg = Release|Any CPU
		{4927A891-0BAE-4E38-BF6A-B123379C0665}.Release|Any CPU.Build.0 = Release|Any CPU
		{2CA4FF46-2B76-488B-B155-78218D8E547E}.Debug|Any CPU.ActiveCfg = Debug|Any CPU
		{2CA4FF46-2B76-488B-B155-78218D8E547E}.Debug|Any CPU.Build.0 = Debug|Any CPU
		{2CA4FF46-2B76-488B-B155-78218D8E547E}.Release|Any CPU.ActiveCfg = Release|Any CPU
		{2CA4FF46-2B76-488B-B155-78218D8E547E}.Release|Any CPU.Build.0 = Release|Any CPU
		{A5051509-E158-40AA-91A9-2C43167182FB}.Debug|Any CPU.ActiveCfg = Debug|Any CPU
		{A5051509-E158-40AA-91A9-2C43167182FB}.Debug|Any CPU.Build.0 = Debug|Any CPU
		{A5051509-E158-40AA-91A9-2C43167182FB}.Release|Any CPU.ActiveCfg = Release|Any CPU
		{A5051509-E158-40AA-91A9-2C43167182FB}.Release|Any CPU.Build.0 = Release|Any CPU
		{1B392243-2BB7-4108-BCC7-49D3C3B6B2D4}.Debug|Any CPU.ActiveCfg = Debug|Any CPU
		{1B392243-2BB7-4108-BCC7-49D3C3B6B2D4}.Debug|Any CPU.Build.0 = Debug|Any CPU
		{1B392243-2BB7-4108-BCC7-49D3C3B6B2D4}.Release|Any CPU.ActiveCfg = Release|Any CPU
		{1B392243-2BB7-4108-BCC7-49D3C3B6B2D4}.Release|Any CPU.Build.0 = Release|Any CPU
		{DB56E30E-FB9E-43FA-8DF3-9B91AE10019C}.Debug|Any CPU.ActiveCfg = Debug|Any CPU
		{DB56E30E-FB9E-43FA-8DF3-9B91AE10019C}.Debug|Any CPU.Build.0 = Debug|Any CPU
		{DB56E30E-FB9E-43FA-8DF3-9B91AE10019C}.Release|Any CPU.ActiveCfg = Release|Any CPU
		{DB56E30E-FB9E-43FA-8DF3-9B91AE10019C}.Release|Any CPU.Build.0 = Release|Any CPU
		{BD8CDFE3-8724-4E96-A6D9-AA02B7C184AA}.Debug|Any CPU.ActiveCfg = Debug|Any CPU
		{BD8CDFE3-8724-4E96-A6D9-AA02B7C184AA}.Debug|Any CPU.Build.0 = Debug|Any CPU
		{BD8CDFE3-8724-4E96-A6D9-AA02B7C184AA}.Release|Any CPU.ActiveCfg = Release|Any CPU
		{BD8CDFE3-8724-4E96-A6D9-AA02B7C184AA}.Release|Any CPU.Build.0 = Release|Any CPU
		{B86DC60C-1930-47FA-85CC-0688CDA036DB}.Debug|Any CPU.ActiveCfg = Debug|Any CPU
		{B86DC60C-1930-47FA-85CC-0688CDA036DB}.Debug|Any CPU.Build.0 = Debug|Any CPU
		{B86DC60C-1930-47FA-85CC-0688CDA036DB}.Release|Any CPU.ActiveCfg = Release|Any CPU
		{B86DC60C-1930-47FA-85CC-0688CDA036DB}.Release|Any CPU.Build.0 = Release|Any CPU
		{A5FA18B8-31B6-4177-AF16-195475686604}.Debug|Any CPU.ActiveCfg = Debug|Any CPU
		{A5FA18B8-31B6-4177-AF16-195475686604}.Debug|Any CPU.Build.0 = Debug|Any CPU
		{A5FA18B8-31B6-4177-AF16-195475686604}.Release|Any CPU.ActiveCfg = Release|Any CPU
		{A5FA18B8-31B6-4177-AF16-195475686604}.Release|Any CPU.Build.0 = Release|Any CPU
		{B0C821F9-FD4F-4C65-BE83-48FECC1EA0E3}.Debug|Any CPU.ActiveCfg = Debug|Any CPU
		{B0C821F9-FD4F-4C65-BE83-48FECC1EA0E3}.Debug|Any CPU.Build.0 = Debug|Any CPU
		{B0C821F9-FD4F-4C65-BE83-48FECC1EA0E3}.Release|Any CPU.ActiveCfg = Release|Any CPU
		{B0C821F9-FD4F-4C65-BE83-48FECC1EA0E3}.Release|Any CPU.Build.0 = Release|Any CPU
		{BF2BAFBD-2811-4B7F-AACB-F49379E0F03A}.Debug|Any CPU.ActiveCfg = Debug|Any CPU
		{BF2BAFBD-2811-4B7F-AACB-F49379E0F03A}.Debug|Any CPU.Build.0 = Debug|Any CPU
		{BF2BAFBD-2811-4B7F-AACB-F49379E0F03A}.Release|Any CPU.ActiveCfg = Release|Any CPU
		{BF2BAFBD-2811-4B7F-AACB-F49379E0F03A}.Release|Any CPU.Build.0 = Release|Any CPU
		{F7925010-90AB-43A1-8393-BE5B8EA8B065}.Debug|Any CPU.ActiveCfg = Debug|Any CPU
		{F7925010-90AB-43A1-8393-BE5B8EA8B065}.Debug|Any CPU.Build.0 = Debug|Any CPU
		{F7925010-90AB-43A1-8393-BE5B8EA8B065}.Release|Any CPU.ActiveCfg = Release|Any CPU
		{F7925010-90AB-43A1-8393-BE5B8EA8B065}.Release|Any CPU.Build.0 = Release|Any CPU
		{7A9D0C08-E416-4F4D-A178-ADD507C15CD5}.Debug|Any CPU.ActiveCfg = Debug|Any CPU
		{7A9D0C08-E416-4F4D-A178-ADD507C15CD5}.Debug|Any CPU.Build.0 = Debug|Any CPU
		{7A9D0C08-E416-4F4D-A178-ADD507C15CD5}.Release|Any CPU.ActiveCfg = Release|Any CPU
		{7A9D0C08-E416-4F4D-A178-ADD507C15CD5}.Release|Any CPU.Build.0 = Release|Any CPU
		{78CE62A2-1518-4B7F-B62E-19D855DD1EDC}.Debug|Any CPU.ActiveCfg = Debug|Any CPU
		{78CE62A2-1518-4B7F-B62E-19D855DD1EDC}.Debug|Any CPU.Build.0 = Debug|Any CPU
		{78CE62A2-1518-4B7F-B62E-19D855DD1EDC}.Release|Any CPU.ActiveCfg = Release|Any CPU
		{78CE62A2-1518-4B7F-B62E-19D855DD1EDC}.Release|Any CPU.Build.0 = Release|Any CPU
		{5B5EAB55-CCC9-4591-8145-9F503B3107C2}.Debug|Any CPU.ActiveCfg = Debug|Any CPU
		{5B5EAB55-CCC9-4591-8145-9F503B3107C2}.Debug|Any CPU.Build.0 = Debug|Any CPU
		{5B5EAB55-CCC9-4591-8145-9F503B3107C2}.Release|Any CPU.ActiveCfg = Release|Any CPU
		{5B5EAB55-CCC9-4591-8145-9F503B3107C2}.Release|Any CPU.Build.0 = Release|Any CPU
		{6111B635-2531-40CB-BAC3-58AB7761E434}.Debug|Any CPU.ActiveCfg = Debug|Any CPU
		{6111B635-2531-40CB-BAC3-58AB7761E434}.Debug|Any CPU.Build.0 = Debug|Any CPU
		{6111B635-2531-40CB-BAC3-58AB7761E434}.Release|Any CPU.ActiveCfg = Release|Any CPU
		{6111B635-2531-40CB-BAC3-58AB7761E434}.Release|Any CPU.Build.0 = Release|Any CPU
		{57DCA0EB-1CB8-45F5-91F3-ACE3C485F057}.Debug|Any CPU.ActiveCfg = Debug|Any CPU
		{57DCA0EB-1CB8-45F5-91F3-ACE3C485F057}.Debug|Any CPU.Build.0 = Debug|Any CPU
		{57DCA0EB-1CB8-45F5-91F3-ACE3C485F057}.Release|Any CPU.ActiveCfg = Release|Any CPU
		{57DCA0EB-1CB8-45F5-91F3-ACE3C485F057}.Release|Any CPU.Build.0 = Release|Any CPU
		{30363A01-C3E6-4CAA-A3F4-1DCA418F5176}.Debug|Any CPU.ActiveCfg = Debug|Any CPU
		{30363A01-C3E6-4CAA-A3F4-1DCA418F5176}.Debug|Any CPU.Build.0 = Debug|Any CPU
		{30363A01-C3E6-4CAA-A3F4-1DCA418F5176}.Release|Any CPU.ActiveCfg = Release|Any CPU
		{30363A01-C3E6-4CAA-A3F4-1DCA418F5176}.Release|Any CPU.Build.0 = Release|Any CPU
		{ADD4D3AA-3F30-476F-AE40-92890BEE8091}.Debug|Any CPU.ActiveCfg = Debug|Any CPU
		{ADD4D3AA-3F30-476F-AE40-92890BEE8091}.Debug|Any CPU.Build.0 = Debug|Any CPU
		{ADD4D3AA-3F30-476F-AE40-92890BEE8091}.Release|Any CPU.ActiveCfg = Release|Any CPU
		{ADD4D3AA-3F30-476F-AE40-92890BEE8091}.Release|Any CPU.Build.0 = Release|Any CPU
		{9B164E2B-96B7-4E6B-B87F-10A9C6D55D48}.Debug|Any CPU.ActiveCfg = Debug|Any CPU
		{9B164E2B-96B7-4E6B-B87F-10A9C6D55D48}.Debug|Any CPU.Build.0 = Debug|Any CPU
		{9B164E2B-96B7-4E6B-B87F-10A9C6D55D48}.Release|Any CPU.ActiveCfg = Release|Any CPU
		{9B164E2B-96B7-4E6B-B87F-10A9C6D55D48}.Release|Any CPU.Build.0 = Release|Any CPU
		{33C3BC6E-2CD9-42DC-9C48-BB8AF64DB8BC}.Debug|Any CPU.ActiveCfg = Debug|Any CPU
		{33C3BC6E-2CD9-42DC-9C48-BB8AF64DB8BC}.Debug|Any CPU.Build.0 = Debug|Any CPU
		{33C3BC6E-2CD9-42DC-9C48-BB8AF64DB8BC}.Release|Any CPU.ActiveCfg = Release|Any CPU
		{33C3BC6E-2CD9-42DC-9C48-BB8AF64DB8BC}.Release|Any CPU.Build.0 = Release|Any CPU
		{526AE1C2-4A8A-42E0-AFF6-DE2803BD04E0}.Debug|Any CPU.ActiveCfg = Debug|Any CPU
		{526AE1C2-4A8A-42E0-AFF6-DE2803BD04E0}.Debug|Any CPU.Build.0 = Debug|Any CPU
		{526AE1C2-4A8A-42E0-AFF6-DE2803BD04E0}.Release|Any CPU.ActiveCfg = Release|Any CPU
		{526AE1C2-4A8A-42E0-AFF6-DE2803BD04E0}.Release|Any CPU.Build.0 = Release|Any CPU
		{A315C3FE-A1B7-48D3-AC05-01F819797E6E}.Debug|Any CPU.ActiveCfg = Debug|Any CPU
		{A315C3FE-A1B7-48D3-AC05-01F819797E6E}.Debug|Any CPU.Build.0 = Debug|Any CPU
		{A315C3FE-A1B7-48D3-AC05-01F819797E6E}.Release|Any CPU.ActiveCfg = Release|Any CPU
		{A315C3FE-A1B7-48D3-AC05-01F819797E6E}.Release|Any CPU.Build.0 = Release|Any CPU
		{A1E639C3-23EE-4555-8E4E-C08C55D980A9}.Debug|Any CPU.ActiveCfg = Debug|Any CPU
		{A1E639C3-23EE-4555-8E4E-C08C55D980A9}.Debug|Any CPU.Build.0 = Debug|Any CPU
		{A1E639C3-23EE-4555-8E4E-C08C55D980A9}.Release|Any CPU.ActiveCfg = Release|Any CPU
		{A1E639C3-23EE-4555-8E4E-C08C55D980A9}.Release|Any CPU.Build.0 = Release|Any CPU
		{0D5ACC6E-0FBE-4FE9-A45E-05C69657EB67}.Debug|Any CPU.ActiveCfg = Debug|Any CPU
		{0D5ACC6E-0FBE-4FE9-A45E-05C69657EB67}.Debug|Any CPU.Build.0 = Debug|Any CPU
		{0D5ACC6E-0FBE-4FE9-A45E-05C69657EB67}.Release|Any CPU.ActiveCfg = Release|Any CPU
		{0D5ACC6E-0FBE-4FE9-A45E-05C69657EB67}.Release|Any CPU.Build.0 = Release|Any CPU
		{073D23CD-F92A-49AD-AD90-8ABDDCD65742}.Debug|Any CPU.ActiveCfg = Debug|Any CPU
		{073D23CD-F92A-49AD-AD90-8ABDDCD65742}.Debug|Any CPU.Build.0 = Debug|Any CPU
		{073D23CD-F92A-49AD-AD90-8ABDDCD65742}.Release|Any CPU.ActiveCfg = Release|Any CPU
		{073D23CD-F92A-49AD-AD90-8ABDDCD65742}.Release|Any CPU.Build.0 = Release|Any CPU
		{1E93663E-BFA6-4193-A043-77661AFF0314}.Debug|Any CPU.ActiveCfg = Debug|Any CPU
		{1E93663E-BFA6-4193-A043-77661AFF0314}.Debug|Any CPU.Build.0 = Debug|Any CPU
		{1E93663E-BFA6-4193-A043-77661AFF0314}.Release|Any CPU.ActiveCfg = Release|Any CPU
		{1E93663E-BFA6-4193-A043-77661AFF0314}.Release|Any CPU.Build.0 = Release|Any CPU
		{0D71C1EC-45F6-417B-8A34-2BA7B6ED9F4E}.Debug|Any CPU.ActiveCfg = Debug|Any CPU
		{0D71C1EC-45F6-417B-8A34-2BA7B6ED9F4E}.Debug|Any CPU.Build.0 = Debug|Any CPU
		{0D71C1EC-45F6-417B-8A34-2BA7B6ED9F4E}.Release|Any CPU.ActiveCfg = Release|Any CPU
		{0D71C1EC-45F6-417B-8A34-2BA7B6ED9F4E}.Release|Any CPU.Build.0 = Release|Any CPU
		{5CDE1CA5-CC6E-4548-827E-015322609887}.Debug|Any CPU.ActiveCfg = Debug|Any CPU
		{5CDE1CA5-CC6E-4548-827E-015322609887}.Debug|Any CPU.Build.0 = Debug|Any CPU
		{5CDE1CA5-CC6E-4548-827E-015322609887}.Release|Any CPU.ActiveCfg = Release|Any CPU
		{5CDE1CA5-CC6E-4548-827E-015322609887}.Release|Any CPU.Build.0 = Release|Any CPU
		{4384F119-03BD-4E70-94ED-D1AC61AC2E85}.Debug|Any CPU.ActiveCfg = Debug|Any CPU
		{4384F119-03BD-4E70-94ED-D1AC61AC2E85}.Debug|Any CPU.Build.0 = Debug|Any CPU
		{4384F119-03BD-4E70-94ED-D1AC61AC2E85}.Release|Any CPU.ActiveCfg = Release|Any CPU
		{4384F119-03BD-4E70-94ED-D1AC61AC2E85}.Release|Any CPU.Build.0 = Release|Any CPU
		{7E318DDE-CE10-49B8-BC62-A38438A8C335}.Debug|Any CPU.ActiveCfg = Debug|Any CPU
		{7E318DDE-CE10-49B8-BC62-A38438A8C335}.Debug|Any CPU.Build.0 = Debug|Any CPU
		{7E318DDE-CE10-49B8-BC62-A38438A8C335}.Release|Any CPU.ActiveCfg = Release|Any CPU
		{7E318DDE-CE10-49B8-BC62-A38438A8C335}.Release|Any CPU.Build.0 = Release|Any CPU
		{E13A16D2-E4C8-4BC4-91FD-3A1F4FB9B380}.Debug|Any CPU.ActiveCfg = Debug|Any CPU
		{E13A16D2-E4C8-4BC4-91FD-3A1F4FB9B380}.Debug|Any CPU.Build.0 = Debug|Any CPU
		{E13A16D2-E4C8-4BC4-91FD-3A1F4FB9B380}.Release|Any CPU.ActiveCfg = Release|Any CPU
		{E13A16D2-E4C8-4BC4-91FD-3A1F4FB9B380}.Release|Any CPU.Build.0 = Release|Any CPU
		{39906C17-4154-4277-90A0-406002A2A359}.Debug|Any CPU.ActiveCfg = Debug|Any CPU
		{39906C17-4154-4277-90A0-406002A2A359}.Debug|Any CPU.Build.0 = Debug|Any CPU
		{39906C17-4154-4277-90A0-406002A2A359}.Release|Any CPU.ActiveCfg = Release|Any CPU
		{39906C17-4154-4277-90A0-406002A2A359}.Release|Any CPU.Build.0 = Release|Any CPU
		{9DDBFADD-C792-4DAA-B808-9157A5EE74BD}.Debug|Any CPU.ActiveCfg = Debug|Any CPU
		{9DDBFADD-C792-4DAA-B808-9157A5EE74BD}.Debug|Any CPU.Build.0 = Debug|Any CPU
		{9DDBFADD-C792-4DAA-B808-9157A5EE74BD}.Release|Any CPU.ActiveCfg = Release|Any CPU
		{9DDBFADD-C792-4DAA-B808-9157A5EE74BD}.Release|Any CPU.Build.0 = Release|Any CPU
		{EF315292-3CB4-47FD-9079-72A2327F776A}.Debug|Any CPU.ActiveCfg = Debug|Any CPU
		{EF315292-3CB4-47FD-9079-72A2327F776A}.Debug|Any CPU.Build.0 = Debug|Any CPU
		{EF315292-3CB4-47FD-9079-72A2327F776A}.Release|Any CPU.ActiveCfg = Release|Any CPU
		{EF315292-3CB4-47FD-9079-72A2327F776A}.Release|Any CPU.Build.0 = Release|Any CPU
		{49A8400F-90F9-4CB6-9757-6D5681234616}.Debug|Any CPU.ActiveCfg = Debug|Any CPU
		{49A8400F-90F9-4CB6-9757-6D5681234616}.Debug|Any CPU.Build.0 = Debug|Any CPU
		{49A8400F-90F9-4CB6-9757-6D5681234616}.Release|Any CPU.ActiveCfg = Release|Any CPU
		{49A8400F-90F9-4CB6-9757-6D5681234616}.Release|Any CPU.Build.0 = Release|Any CPU
	EndGlobalSection
	GlobalSection(SolutionProperties) = preSolution
		HideSolutionNode = FALSE
	EndGlobalSection
	GlobalSection(ExtensibilityGlobals) = postSolution
		SolutionGuid = {649ED7A6-7E12-41FB-AB28-D302ADC3F49D}
	EndGlobalSection
EndGlobal
